{
  "name": "agent-memory-unified",
  "lockfileVersion": 3,
  "requires": true,
  "packages": {
    "": {
      "dependencies": {
        "node": "^24.14.1"
      }
    },
    "node_modules/node": {
      "version": "24.14.1",
      "resolved": "https://registry.npmjs.org/node/-/node-24.14.1.tgz",
      "integrity": "sha512-ASJuOLsWtA46YcXYMKct6Yrdhmlmb1dLVGxBG65oPwyBUaJMMGlZyYRU7z1FwuKEjkm4OAdYfG8ujgTXxxr0FA==",
      "hasInstallScript": true,
      "license": "MIT",
      "dependencies": {
        "node-bin-setup": "^1.0.0"
      },
      "bin": {
        "node": "bin/node"
      },
      "engines": {
        "npm": ">=5.0.0"
      }
    },
    "node_modules/node-bin-setup": {
      "version": "1.1.4",
      "resolved": "https://registry.npmjs.org/node-bin-setup/-/node-bin-setup-1.1.4.tgz",
      "integrity": "sha512-vWNHOne0ZUavArqPP5LJta50+S8R261Fr5SvGul37HbEDcowvLjwdvd0ZeSr0r2lTSrPxl6okq9QUw8BFGiAxA==",
      "license": "ISC"
    }
  }
}
